Microsoft Visual Studio Solution File, Format Version 12.00
# Visual Studio Version 17
VisualStudioVersion = 17.5.2.0
MinimumVisualStudioVersion = 10.0.40219.1
Project("{FAE04EC0-301F-11D3-BF4B-00C04F79EFBC}") = "Calculate.", "Calculate\Calculate..csproj", "{6886A319-D66E-FB0C-C3F5-8EC66A453F48}"
EndProject
Project("{FAE04EC0-301F-11D3-BF4B-00C04F79EFBC}") = "Calculate.Tests", "Calculate.Tests\Calculate.Tests.csproj", "{28B2A430-C034-F621-A997-D42B9C2F0897}"
EndProject
Global
	GlobalSection(SolutionConfigurationPlatforms) = preSolution
		Debug|Any CPU = Debug|Any CPU
		Release|Any CPU = Release|Any CPU
	EndGlobalSection
	GlobalSection(ProjectConfigurationPlatforms) = postSolution
		{6886A319-D66E-FB0C-C3F5-8EC66A453F48}.Debug|Any CPU.ActiveCfg = Debug|Any CPU
		{6886A319-D66E-FB0C-C3F5-8EC66A453F48}.Debug|Any CPU.Build.0 = Debug|Any CPU
		{6886A319-D66E-FB0C-C3F5-8EC66A453F48}.Release|Any CPU.ActiveCfg = Release|Any CPU
		{6886A319-D66E-FB0C-C3F5-8EC66A453F48}.Release|Any CPU.Build.0 = Release|Any CPU
		{28B2A430-C034-F621-A997-D42B9C2F0897}.Debug|Any CPU.ActiveCfg = Debug|Any CPU
		{28B2A430-C034-F621-A997-D42B9C2F0897}.Debug|Any CPU.Build.0 = Debug|Any CPU
		{28B2A430-C034-F621-A997-D42B9C2F0897}.Release|Any CPU.ActiveCfg = Release|Any CPU
		{28B2A430-C034-F621-A997-D42B9C2F0897}.Release|Any CPU.Build.0 = Release|Any CPU
	EndGlobalSection
	GlobalSection(SolutionProperties) = preSolution
		HideSolutionNode = FALSE
	EndGlobalSection
	GlobalSection(ExtensibilityGlobals) = postSolution
		SolutionGuid = {17DDB684-F7C2-4FB6-BE07-D86940C3CBD0}
	EndGlobalSection
EndGlobal
