
Microsoft Visual Studio Solution File, Format Version 12.00
# Visual Studio Version 18
VisualStudioVersion = 18.0.11018.127 d18.0
MinimumVisualStudioVersion = 10.0.40219.1
Project("{FAE04EC0-301F-11D3-BF4B-00C04F79EFBC}") = "GenericsHomework", "GenericsHomework.csproj", "{4B038553-986B-438F-AB3B-F0030244B64E}"
EndProject
Project("{FAE04EC0-301F-11D3-BF4B-00C04F79EFBC}") = "GenericHomework.Tests", "..\GenericHomework.Tests\GenericHomework.Tests.csproj", "{034CAFCA-C532-44BF-B714-8C948FDD402F}"
EndProject
Global
	GlobalSection(SolutionConfigurationPlatforms) = preSolution
		Debug|Any CPU = Debug|Any CPU
		Release|Any CPU = Release|Any CPU
	EndGlobalSection
	GlobalSection(ProjectConfigurationPlatforms) = postSolution
		{4B038553-986B-438F-AB3B-F0030244B64E}.Debug|Any CPU.ActiveCfg = Debug|Any CPU
		{4B038553-986B-438F-AB3B-F0030244B64E}.Debug|Any CPU.Build.0 = Debug|Any CPU
		{4B038553-986B-438F-AB3B-F0030244B64E}.Release|Any CPU.ActiveCfg = Release|Any CPU
		{4B038553-986B-438F-AB3B-F0030244B64E}.Release|Any CPU.Build.0 = Release|Any CPU
		{034CAFCA-C532-44BF-B714-8C948FDD402F}.Debug|Any CPU.ActiveCfg = Debug|Any CPU
		{034CAFCA-C532-44BF-B714-8C948FDD402F}.Debug|Any CPU.Build.0 = Debug|Any CPU
		{034CAFCA-C532-44BF-B714-8C948FDD402F}.Release|Any CPU.ActiveCfg = Release|Any CPU
		{034CAFCA-C532-44BF-B714-8C948FDD402F}.Release|Any CPU.Build.0 = Release|Any CPU
	EndGlobalSection
	GlobalSection(SolutionProperties) = preSolution
		HideSolutionNode = FALSE
	EndGlobalSection
	GlobalSection(ExtensibilityGlobals) = postSolution
		SolutionGuid = {0AD0D1A7-43F0-43C0-A8EB-9DA5EAC8AABB}
	EndGlobalSection
EndGlobal
